
Microsoft Visual Studio Solution File, Format Version 12.00
# Visual Studio Version 17
VisualStudioVersion = 17.12.35527.113
MinimumVisualStudioVersion = 10.0.40219.1
Project("{FAE04EC0-301F-11D3-BF4B-00C04F79EFBC}") = "AttendenceManagement", "attendence-management-web\AttendenceManagement.csproj", "{B0F8285A-88AD-49CC-8CB8-516DE3089341}"
EndProject
Project("{FAE04EC0-301F-11D3-BF4B-00C04F79EFBC}") = "attendence-management-api", "attendence-management-api\attendence-management-api\attendence-management-api.csproj", "{878AAF57-13D4-4781-BBFC-652B7E6A4350}"
EndProject
Global
	GlobalSection(SolutionConfigurationPlatforms) = preSolution
		Debug|Any CPU = Debug|Any CPU
		Release|Any CPU = Release|Any CPU
	EndGlobalSection
	GlobalSection(ProjectConfigurationPlatforms) = postSolution
		{B0F8285A-88AD-49CC-8CB8-516DE3089341}.Debug|Any CPU.ActiveCfg = Debug|Any CPU
		{B0F8285A-88AD-49CC-8CB8-516DE3089341}.Debug|Any CPU.Build.0 = Debug|Any CPU
		{B0F8285A-88AD-49CC-8CB8-516DE3089341}.Release|Any CPU.ActiveCfg = Release|Any CPU
		{B0F8285A-88AD-49CC-8CB8-516DE3089341}.Release|Any CPU.Build.0 = Release|Any CPU
		{878AAF57-13D4-4781-BBFC-652B7E6A4350}.Debug|Any CPU.ActiveCfg = Debug|Any CPU
		{878AAF57-13D4-4781-BBFC-652B7E6A4350}.Debug|Any CPU.Build.0 = Debug|Any CPU
		{878AAF57-13D4-4781-BBFC-652B7E6A4350}.Release|Any CPU.ActiveCfg = Release|Any CPU
		{878AAF57-13D4-4781-BBFC-652B7E6A4350}.Release|Any CPU.Build.0 = Release|Any CPU
	EndGlobalSection
	GlobalSection(SolutionProperties) = preSolution
		HideSolutionNode = FALSE
	EndGlobalSection
EndGlobal
