
Microsoft Visual Studio Solution File, Format Version 12.00
# Visual Studio Version 17
VisualStudioVersion = 17.12.35527.113
MinimumVisualStudioVersion = 10.0.40219.1
Project("{FAE04EC0-301F-11D3-BF4B-00C04F79EFBC}") = "attendence-management-api", "attendence-management-api\attendence-management-api.csproj", "{479B6C64-A409-4DDC-ABE5-8F54FA15A4CF}"
EndProject
Project("{FAE04EC0-301F-11D3-BF4B-00C04F79EFBC}") = "attendence-management-web", "attendence-management-web\attendence-management-web.csproj", "{87139CAA-45BB-45B6-B43B-A0F98DAAF63F}"
EndProject
Project("{FAE04EC0-301F-11D3-BF4B-00C04F79EFBC}") = "attendence-management-definitions", "attendence-management-definitions\attendence-management-definitions.csproj", "{BCFAEB60-E32C-4C94-A737-2A1927F35935}"
EndProject
Global
	GlobalSection(SolutionConfigurationPlatforms) = preSolution
		Debug|Any CPU = Debug|Any CPU
		Release|Any CPU = Release|Any CPU
	EndGlobalSection
	GlobalSection(ProjectConfigurationPlatforms) = postSolution
		{479B6C64-A409-4DDC-ABE5-8F54FA15A4CF}.Debug|Any CPU.ActiveCfg = Debug|Any CPU
		{479B6C64-A409-4DDC-ABE5-8F54FA15A4CF}.Debug|Any CPU.Build.0 = Debug|Any CPU
		{479B6C64-A409-4DDC-ABE5-8F54FA15A4CF}.Release|Any CPU.ActiveCfg = Release|Any CPU
		{479B6C64-A409-4DDC-ABE5-8F54FA15A4CF}.Release|Any CPU.Build.0 = Release|Any CPU
		{87139CAA-45BB-45B6-B43B-A0F98DAAF63F}.Debug|Any CPU.ActiveCfg = Debug|Any CPU
		{87139CAA-45BB-45B6-B43B-A0F98DAAF63F}.Debug|Any CPU.Build.0 = Debug|Any CPU
		{87139CAA-45BB-45B6-B43B-A0F98DAAF63F}.Release|Any CPU.ActiveCfg = Release|Any CPU
		{87139CAA-45BB-45B6-B43B-A0F98DAAF63F}.Release|Any CPU.Build.0 = Release|Any CPU
		{BCFAEB60-E32C-4C94-A737-2A1927F35935}.Debug|Any CPU.ActiveCfg = Debug|Any CPU
		{BCFAEB60-E32C-4C94-A737-2A1927F35935}.Debug|Any CPU.Build.0 = Debug|Any CPU
		{BCFAEB60-E32C-4C94-A737-2A1927F35935}.Release|Any CPU.ActiveCfg = Release|Any CPU
		{BCFAEB60-E32C-4C94-A737-2A1927F35935}.Release|Any CPU.Build.0 = Release|Any CPU
	EndGlobalSection
	GlobalSection(SolutionProperties) = preSolution
		HideSolutionNode = FALSE
	EndGlobalSection
EndGlobal
